{
  "nodes": {
    "fenix": {
      "inputs": {
        "nixpkgs": [
          "nixpkgs"
        ],
        "rust-analyzer-src": "rust-analyzer-src"
      },
      "locked": {
        "lastModified": 1714199028,
        "narHash": "sha256-QO3Yv3UfJRfhZE1wsHOartg+k8/Kf1BiDyfl8eEpqcE=",
        "owner": "nix-community",
        "repo": "fenix",
        "rev": "055f6db376eaf544d84aa55bd5a7c70634af41ba",
        "type": "github"
      },
      "original": {
        "owner": "nix-community",
        "repo": "fenix",
        "type": "github"
      }
    },
    "home-manager": {
      "inputs": {
        "nixpkgs": [
          "nixpkgs"
        ]
      },
      "locked": {
        "lastModified": 1714203603,
        "narHash": "sha256-eT7DENhYy7EPLOqHI9zkIMD9RvMCXcqh6gGqOK5BWYQ=",
        "owner": "nix-community",
        "repo": "home-manager",
        "rev": "c1609d584a6b5e9e6a02010f51bd368cb4782f8e",
        "type": "github"
      },
      "original": {
        "owner": "nix-community",
        "repo": "home-manager",
        "type": "github"
      }
    },
    "nixpkgs": {
      "locked": {
        "lastModified": 1714076141,
        "narHash": "sha256-Drmja/f5MRHZCskS6mvzFqxEaZMeciScCTFxWVLqWEY=",
        "owner": "nixos",
        "repo": "nixpkgs",
        "rev": "7bb2ccd8cdc44c91edba16c48d2c8f331fb3d856",
        "type": "github"
      },
      "original": {
        "owner": "nixos",
        "ref": "nixos-unstable",
        "repo": "nixpkgs",
        "type": "github"
      }
    },
    "root": {
      "inputs": {
        "fenix": "fenix",
        "home-manager": "home-manager",
        "nixpkgs": "nixpkgs"
      }
    },
    "rust-analyzer-src": {
      "flake": false,
      "locked": {
        "lastModified": 1714150666,
        "narHash": "sha256-S8AsTyJvT6Q3pRFeo8QepWF/husnJh61cOhRt18Xmyc=",
        "owner": "rust-lang",
        "repo": "rust-analyzer",
        "rev": "1ed7e2de05ee76f6ae83cc9c72eb0b33ad6903f2",
        "type": "github"
      },
      "original": {
        "owner": "rust-lang",
        "ref": "nightly",
        "repo": "rust-analyzer",
        "type": "github"
      }
    }
  },
  "root": "root",
  "version": 7
}
